// !$*UTF8*$!
{
	archiveVersion = 1;
	classes = {
	};
	objectVersion = 46;
	objects = {

/* Begin PBXBuildFile section */
		F14982A41E7BA29B0008D47E /* main.m in Sources */ = {isa = PBXBuildFile; fileRef = F14982A31E7BA29B0008D47E /* main.m */; };
		F14982A71E7BA29B0008D47E /* AppDelegate.m in Sources */ = {isa = PBXBuildFile; fileRef = F14982A61E7BA29B0008D47E /* AppDelegate.m */; };
		F14982AF1E7BA29B0008D47E /* Assets.xcassets in Resources */ = {isa = PBXBuildFile; fileRef = F14982AE1E7BA29B0008D47E /* Assets.xcassets */; };
		F14982B21E7BA29B0008D47E /* LaunchScreen.storyboard in Resources */ = {isa = PBXBuildFile; fileRef = F14982B01E7BA29B0008D47E /* LaunchScreen.storyboard */; };
		F14982BB1E7BA3010008D47E /* QPEdgeMenuController.m in Sources */ = {isa = PBXBuildFile; fileRef = F14982BA1E7BA3010008D47E /* QPEdgeMenuController.m */; };
		F14982BE1E7BB3650008D47E /* LeftViewController.m in Sources */ = {isa = PBXBuildFile; fileRef = F14982BD1E7BB3650008D47E /* LeftViewController.m */; };
		F14982C11E7BB4130008D47E /* MainViewController.m in Sources */ = {isa = PBXBuildFile; fileRef = F14982C01E7BB4130008D47E /* MainViewController.m */; };
		F14982C41E7BB5180008D47E /* UIView+YYAdd.m in Sources */ = {isa = PBXBuildFile; fileRef = F14982C31E7BB5180008D47E /* UIView+YYAdd.m */; };
/* End PBXBuildFile section */

/* Begin PBXFileReference section */
		F149829F1E7BA29B0008D47E /* EdgeMenuControllerDemo.app */ = {isa = PBXFileReference; explicitFileType = wrapper.application; includeInIndex = 0; path = EdgeMenuControllerDemo.app; sourceTree = BUILT_PRODUCTS_DIR; };
		F14982A31E7BA29B0008D47E /* main.m */ = {isa = PBXFileReference; lastKnownFileType = sourcecode.c.objc; path = main.m; sourceTree = "<group>"; };
		F14982A51E7BA29B0008D47E /* AppDelegate.h */ = {isa = PBXFileReference; lastKnownFileType = sourcecode.c.h; path = AppDelegate.h; sourceTree = "<group>"; };
		F14982A61E7BA29B0008D47E /* AppDelegate.m */ = {isa = PBXFileReference; lastKnownFileType = sourcecode.c.objc; path = AppDelegate.m; sourceTree = "<group>"; };
		F14982AE1E7BA29B0008D47E /* Assets.xcassets */ = {isa = PBXFileReference; lastKnownFileType = folder.assetcatalog; path = Assets.xcassets; sourceTree = "<group>"; };
		F14982B11E7BA29B0008D47E /* Base */ = {isa = PBXFileReference; lastKnownFileType = file.storyboard; name = Base; path = Base.lproj/LaunchScreen.storyboard; sourceTree = "<group>"; };
		F14982B31E7BA29B0008D47E /* Info.plist */ = {isa = PBXFileReference; lastKnownFileType = text.plist.xml; path = Info.plist; sourceTree = "<group>"; };
		F14982B91E7BA3010008D47E /* QPEdgeMenuController.h */ = {isa = PBXFileReference; fileEncoding = 4; lastKnownFileType = sourcecode.c.h; path = QPEdgeMenuController.h; sourceTree = "<group>"; };
		F14982BA1E7BA3010008D47E /* QPEdgeMenuController.m */ = {isa = PBXFileReference; fileEncoding = 4; lastKnownFileType = sourcecode.c.objc; path = QPEdgeMenuController.m; sourceTree = "<group>"; };
		F14982BC1E7BB3650008D47E /* LeftViewController.h */ = {isa = PBXFileReference; fileEncoding = 4; lastKnownFileType = sourcecode.c.h; path = LeftViewController.h; sourceTree = "<group>"; };
		F14982BD1E7BB3650008D47E /* LeftViewController.m */ = {isa = PBXFileReference; fileEncoding = 4; lastKnownFileType = sourcecode.c.objc; path = LeftViewController.m; sourceTree = "<group>"; };
		F14982BF1E7BB4130008D47E /* MainViewController.h */ = {isa = PBXFileReference; fileEncoding = 4; lastKnownFileType = sourcecode.c.h; path = MainViewController.h; sourceTree = "<group>"; };
		F14982C01E7BB4130008D47E /* MainViewController.m */ = {isa = PBXFileReference; fileEncoding = 4; lastKnownFileType = sourcecode.c.objc; path = MainViewController.m; sourceTree = "<group>"; };
		F14982C21E7BB5180008D47E /* UIView+YYAdd.h */ = {isa = PBXFileReference; fileEncoding = 4; lastKnownFileType = sourcecode.c.h; path = "UIView+YYAdd.h"; sourceTree = "<group>"; };
		F14982C31E7BB5180008D47E /* UIView+YYAdd.m */ = {isa = PBXFileReference; fileEncoding = 4; lastKnownFileType = sourcecode.c.objc; path = "UIView+YYAdd.m"; sourceTree = "<group>"; };
/* End PBXFileReference section */

/* Begin PBXFrameworksBuildPhase section */
		F149829C1E7BA29B0008D47E /* Frameworks */ = {
			isa = PBXFrameworksBuildPhase;
			buildActionMask = 2147483647;
			files = (
			);
			runOnlyForDeploymentPostprocessing = 0;
		};
/* End PBXFrameworksBuildPhase section */

/* Begin PBXGroup section */
		F14982961E7BA29B0008D47E = {
			isa = PBXGroup;
			children = (
				F14982A11E7BA29B0008D47E /* EdgeMenuControllerDemo */,
				F14982A01E7BA29B0008D47E /* Products */,
			);
			sourceTree = "<group>";
		};
		F14982A01E7BA29B0008D47E /* Products */ = {
			isa = PBXGroup;
			children = (
				F149829F1E7BA29B0008D47E /* EdgeMenuControllerDemo.app */,
			);
			name = Products;
			sourceTree = "<group>";
		};
		F14982A11E7BA29B0008D47E /* EdgeMenuControllerDemo */ = {
			isa = PBXGroup;
			children = (
				F14982A51E7BA29B0008D47E /* AppDelegate.h */,
				F14982A61E7BA29B0008D47E /* AppDelegate.m */,
				F14982B91E7BA3010008D47E /* QPEdgeMenuController.h */,
				F14982BA1E7BA3010008D47E /* QPEdgeMenuController.m */,
				F14982BC1E7BB3650008D47E /* LeftViewController.h */,
				F14982BD1E7BB3650008D47E /* LeftViewController.m */,
				F14982BF1E7BB4130008D47E /* MainViewController.h */,
				F14982C01E7BB4130008D47E /* MainViewController.m */,
				F14982C21E7BB5180008D47E /* UIView+YYAdd.h */,
				F14982C31E7BB5180008D47E /* UIView+YYAdd.m */,
				F14982AE1E7BA29B0008D47E /* Assets.xcassets */,
				F14982B01E7BA29B0008D47E /* LaunchScreen.storyboard */,
				F14982B31E7BA29B0008D47E /* Info.plist */,
				F14982A21E7BA29B0008D47E /* Supporting Files */,
			);
			path = EdgeMenuControllerDemo;
			sourceTree = "<group>";
		};
		F14982A21E7BA29B0008D47E /* Supporting Files */ = {
			isa = PBXGroup;
			children = (
				F14982A31E7BA29B0008D47E /* main.m */,
			);
			name = "Supporting Files";
			sourceTree = "<group>";
		};
/* End PBXGroup section */

/* Begin PBXNativeTarget section */
		F149829E1E7BA29B0008D47E /* EdgeMenuControllerDemo */ = {
			isa = PBXNativeTarget;
			buildConfigurationList = F14982B61E7BA29B0008D47E /* Build configuration list for PBXNativeTarget "EdgeMenuControllerDemo" */;
			buildPhases = (
				F149829B1E7BA29B0008D47E /* Sources */,
				F149829C1E7BA29B0008D47E /* Frameworks */,
				F149829D1E7BA29B0008D47E /* Resources */,
			);
			buildRules = (
			);
			dependencies = (
			);
			name = EdgeMenuControllerDemo;
			productName = EdgeMenuControllerDemo;
			productReference = F149829F1E7BA29B0008D47E /* EdgeMenuControllerDemo.app */;
			productType = "com.apple.product-type.application";
		};
/* End PBXNativeTarget section */

/* Begin PBXProject section */
		F14982971E7BA29B0008D47E /* Project object */ = {
			isa = PBXProject;
			attributes = {
				LastUpgradeCheck = 0820;
				ORGANIZATIONNAME = bmcciscoding;
				TargetAttributes = {
					F149829E1E7BA29B0008D47E = {
						CreatedOnToolsVersion = 8.2.1;
						DevelopmentTeam = 2VMAA2MZL8;
						ProvisioningStyle = Automatic;
					};
				};
			};
			buildConfigurationList = F149829A1E7BA29B0008D47E /* Build configuration list for PBXProject "EdgeMenuControllerDemo" */;
			compatibilityVersion = "Xcode 3.2";
			developmentRegion = English;
			hasScannedForEncodings = 0;
			knownRegions = (
				en,
				Base,
			);
			mainGroup = F14982961E7BA29B0008D47E;
			productRefGroup = F14982A01E7BA29B0008D47E /* Products */;
			projectDirPath = "";
			projectRoot = "";
			targets = (
				F149829E1E7BA29B0008D47E /* EdgeMenuControllerDemo */,
			);
		};
/* End PBXProject section */

/* Begin PBXResourcesBuildPhase section */
		F149829D1E7BA29B0008D47E /* Resources */ = {
			isa = PBXResourcesBuildPhase;
			buildActionMask = 2147483647;
			files = (
				F14982B21E7BA29B0008D47E /* LaunchScreen.storyboard in Resources */,
				F14982AF1E7BA29B0008D47E /* Assets.xcassets in Resources */,
			);
			runOnlyForDeploymentPostprocessing = 0;
		};
/* End PBXResourcesBuildPhase section */

/* Begin PBXSourcesBuildPhase section */
		F149829B1E7BA29B0008D47E /* Sources */ = {
			isa = PBXSourcesBuildPhase;
			buildActionMask = 2147483647;
			files = (
				F14982BB1E7BA3010008D47E /* QPEdgeMenuController.m in Sources */,
				F14982C41E7BB5180008D47E /* UIView+YYAdd.m in Sources */,
				F14982C11E7BB4130008D47E /* MainViewController.m in Sources */,
				F14982BE1E7BB3650008D47E /* LeftViewController.m in Sources */,
				F14982A71E7BA29B0008D47E /* AppDelegate.m in Sources */,
				F14982A41E7BA29B0008D47E /* main.m in Sources */,
			);
			runOnlyForDeploymentPostprocessing = 0;
		};
/* End PBXSourcesBuildPhase section */

/* Begin PBXVariantGroup section */
		F14982B01E7BA29B0008D47E /* LaunchScreen.storyboard */ = {
			isa = PBXVariantGroup;
			children = (
				F14982B11E7BA29B0008D47E /* Base */,
			);
			name = LaunchScreen.storyboard;
			sourceTree = "<group>";
		};
/* End PBXVariantGroup section */

/* Begin XCBuildConfiguration section */
		F14982B41E7BA29B0008D47E /* Debug */ = {
			isa = XCBuildConfiguration;
			buildSettings = {
				ALWAYS_SEARCH_USER_PATHS = NO;
				CLANG_ANALYZER_NONNULL = YES;
				CLANG_CXX_LANGUAGE_STANDARD = "gnu++0x";
				CLANG_CXX_LIBRARY = "libc++";
				CLANG_ENABLE_MODULES = YES;
				CLANG_ENABLE_OBJC_ARC = YES;
				CLANG_WARN_BOOL_CONVERSION = YES;
				CLANG_WARN_CONSTANT_CONVERSION = YES;
				CLANG_WARN_DIRECT_OBJC_ISA_USAGE = YES_ERROR;
				CLANG_WARN_DOCUMENTATION_COMMENTS = YES;
				CLANG_WARN_EMPTY_BODY = YES;
				CLANG_WARN_ENUM_CONVERSION = YES;
				CLANG_WARN_INFINITE_RECURSION = YES;
				CLANG_WARN_INT_CONVERSION = YES;
				CLANG_WARN_OBJC_ROOT_CLASS = YES_ERROR;
				CLANG_WARN_SUSPICIOUS_MOVE = YES;
				CLANG_WARN_UNREACHABLE_CODE = YES;
				CLANG_WARN__DUPLICATE_METHOD_MATCH = YES;
				"CODE_SIGN_IDENTITY[sdk=iphoneos*]" = "iPhone Developer";
				COPY_PHASE_STRIP = NO;
				DEBUG_INFORMATION_FORMAT = dwarf;
				ENABLE_STRICT_OBJC_MSGSEND = YES;
				ENABLE_TESTABILITY = YES;
				GCC_C_LANGUAGE_STANDARD = gnu99;
				GCC_DYNAMIC_NO_PIC = NO;
				GCC_NO_COMMON_BLOCKS = YES;
				GCC_OPTIMIZATION_LEVEL = 0;
				GCC_PREPROCESSOR_DEFINITIONS = (
					"DEBUG=1",
					"$(inherited)",
				);
				GCC_WARN_64_TO_32_BIT_CONVERSION = YES;
				GCC_WARN_ABOUT_RETURN_TYPE = YES_ERROR;
				GCC_WARN_UNDECLARED_SELECTOR = YES;
				GCC_WARN_UNINITIALIZED_AUTOS = YES_AGGRESSIVE;
				GCC_WARN_UNUSED_FUNCTION = YES;
				GCC_WARN_UNUSED_VARIABLE = YES;
				IPHONEOS_DEPLOYMENT_TARGET = 10.2;
				MTL_ENABLE_DEBUG_INFO = YES;
				ONLY_ACTIVE_ARCH = YES;
				SDKROOT = iphoneos;
			};
			name = Debug;
		};
		F14982B51E7BA29B0008D47E /* Release */ = {
			isa = XCBuildConfiguration;
			buildSettings = {
				ALWAYS_SEARCH_USER_PATHS = NO;
				CLANG_ANALYZER_NONNULL = YES;
				CLANG_CXX_LANGUAGE_STANDARD = "gnu++0x";
				CLANG_CXX_LIBRARY = "libc++";
				CLANG_ENABLE_MODULES = YES;
				CLANG_ENABLE_OBJC_ARC = YES;
				CLANG_WARN_BOOL_CONVERSION = YES;
				CLANG_WARN_CONSTANT_CONVERSION = YES;
				CLANG_WARN_DIRECT_OBJC_ISA_USAGE = YES_ERROR;
				CLANG_WARN_DOCUMENTATION_COMMENTS = YES;
				CLANG_WARN_EMPTY_BODY = YES;
				CLANG_WARN_ENUM_CONVERSION = YES;
				CLANG_WARN_INFINITE_RECURSION = YES;
				CLANG_WARN_INT_CONVERSION = YES;
				CLANG_WARN_OBJC_ROOT_CLASS = YES_ERROR;
				CLANG_WARN_SUSPICIOUS_MOVE = YES;
				CLANG_WARN_UNREACHABLE_CODE = YES;
				CLANG_WARN__DUPLICATE_METHOD_MATCH = YES;
				"CODE_SIGN_IDENTITY[sdk=iphoneos*]" = "iPhone Developer";
				COPY_PHASE_STRIP = NO;
				DEBUG_INFORMATION_FORMAT = "dwarf-with-dsym";
				ENABLE_NS_ASSERTIONS = NO;
				ENABLE_STRICT_OBJC_MSGSEND = YES;
				GCC_C_LANGUAGE_STANDARD = gnu99;
				GCC_NO_COMMON_BLOCKS = YES;
				GCC_WARN_64_TO_32_BIT_CONVERSION = YES;
				GCC_WARN_ABOUT_RETURN_TYPE = YES_ERROR;
				GCC_WARN_UNDECLARED_SELECTOR = YES;
				GCC_WARN_UNINITIALIZED_AUTOS = YES_AGGRESSIVE;
				GCC_WARN_UNUSED_FUNCTION = YES;
				GCC_WARN_UNUSED_VARIABLE = YES;
				IPHONEOS_DEPLOYMENT_TARGET = 10.2;
				MTL_ENABLE_DEBUG_INFO = NO;
				SDKROOT = iphoneos;
				VALIDATE_PRODUCT = YES;
			};
			name = Release;
		};
		F14982B71E7BA29B0008D47E /* Debug */ = {
			isa = XCBuildConfiguration;
			buildSettings = {
				ASSETCATALOG_COMPILER_APPICON_NAME = AppIcon;
				DEVELOPMENT_TEAM = 2VMAA2MZL8;
				INFOPLIST_FILE = EdgeMenuControllerDemo/Info.plist;
				LD_RUNPATH_SEARCH_PATHS = "$(inherited) @executable_path/Frameworks";
				PRODUCT_BUNDLE_IDENTIFIER = com.QP.EdgeMenuControllerDemo;
				PRODUCT_NAME = "$(TARGET_NAME)";
			};
			name = Debug;
		};
		F14982B81E7BA29B0008D47E /* Release */ = {
			isa = XCBuildConfiguration;
			buildSettings = {
				ASSETCATALOG_COMPILER_APPICON_NAME = AppIcon;
				DEVELOPMENT_TEAM = 2VMAA2MZL8;
				INFOPLIST_FILE = EdgeMenuControllerDemo/Info.plist;
				LD_RUNPATH_SEARCH_PATHS = "$(inherited) @executable_path/Frameworks";
				PRODUCT_BUNDLE_IDENTIFIER = com.QP.EdgeMenuControllerDemo;
				PRODUCT_NAME = "$(TARGET_NAME)";
			};
			name = Release;
		};
/* End XCBuildConfiguration section */

/* Begin XCConfigurationList section */
		F149829A1E7BA29B0008D47E /* Build configuration list for PBXProject "EdgeMenuControllerDemo" */ = {
			isa = XCConfigurationList;
			buildConfigurations = (
				F14982B41E7BA29B0008D47E /* Debug */,
				F14982B51E7BA29B0008D47E /* Release */,
			);
			defaultConfigurationIsVisible = 0;
			defaultConfigurationName = Release;
		};
		F14982B61E7BA29B0008D47E /* Build configuration list for PBXNativeTarget "EdgeMenuControllerDemo" */ = {
			isa = XCConfigurationList;
			buildConfigurations = (
				F14982B71E7BA29B0008D47E /* Debug */,
				F14982B81E7BA29B0008D47E /* Release */,
			);
			defaultConfigurationIsVisible = 0;
		};
/* End XCConfigurationList section */
	};
	rootObject = F14982971E7BA29B0008D47E /* Project object */;
}
